
Microsoft Visual Studio Solution File, Format Version 12.00
# Visual Studio Version 17
VisualStudioVersion = 17.5.002.0
MinimumVisualStudioVersion = 10.0.40219.1
Project("{9A19103F-16F7-4668-BE54-9A1E7A4F7556}") = "gencmuhWebUIGateway", "gencmuhWebUIGateway.csproj", "{2051AA61-EA9B-4D92-B189-DA6D488E6E09}"
EndProject
Global
	GlobalSection(SolutionConfigurationPlatforms) = preSolution
		Debug|Any CPU = Debug|Any CPU
		Release|Any CPU = Release|Any CPU
	EndGlobalSection
	GlobalSection(ProjectConfigurationPlatforms) = postSolution
		{2051AA61-EA9B-4D92-B189-DA6D488E6E09}.Debug|Any CPU.ActiveCfg = Debug|Any CPU
		{2051AA61-EA9B-4D92-B189-DA6D488E6E09}.Debug|Any CPU.Build.0 = Debug|Any CPU
		{2051AA61-EA9B-4D92-B189-DA6D488E6E09}.Release|Any CPU.ActiveCfg = Release|Any CPU
		{2051AA61-EA9B-4D92-B189-DA6D488E6E09}.Release|Any CPU.Build.0 = Release|Any CPU
	EndGlobalSection
	GlobalSection(SolutionProperties) = preSolution
		HideSolutionNode = FALSE
	EndGlobalSection
	GlobalSection(ExtensibilityGlobals) = postSolution
		SolutionGuid = {7CAEE62F-89EE-459B-ABC1-DE8807537EEB}
	EndGlobalSection
EndGlobal
